// !$*UTF8*$!
{
	archiveVersion = 1;
	classes = {
	};
	objectVersion = 55;
	objects = {

/* Begin PBXBuildFile section */
		1AAA842428BE9B2000645A47 /* AppDelegate.swift in Sources */ = {isa = PBXBuildFile; fileRef = 1AAA842328BE9B2000645A47 /* AppDelegate.swift */; };
		1AAA842628BE9B2000645A47 /* SceneDelegate.swift in Sources */ = {isa = PBXBuildFile; fileRef = 1AAA842528BE9B2000645A47 /* SceneDelegate.swift */; };
		1AAA842828BE9B2000645A47 /* ViewController.swift in Sources */ = {isa = PBXBuildFile; fileRef = 1AAA842728BE9B2000645A47 /* ViewController.swift */; };
		1AAA842B28BE9B2000645A47 /* Main.storyboard in Resources */ = {isa = PBXBuildFile; fileRef = 1AAA842928BE9B2000645A47 /* Main.storyboard */; };
		1AAA842D28BE9B2200645A47 /* Assets.xcassets in Resources */ = {isa = PBXBuildFile; fileRef = 1AAA842C28BE9B2200645A47 /* Assets.xcassets */; };
		1AAA843028BE9B2200645A47 /* LaunchScreen.storyboard in Resources */ = {isa = PBXBuildFile; fileRef = 1AAA842E28BE9B2200645A47 /* LaunchScreen.storyboard */; };
		1AAA843B28BE9B2200645A47 /* SwiftTestingTests.swift in Sources */ = {isa = PBXBuildFile; fileRef = 1AAA843A28BE9B2200645A47 /* SwiftTestingTests.swift */; };
		1AAA844528BE9B2200645A47 /* SwiftTestingUITests.swift in Sources */ = {isa = PBXBuildFile; fileRef = 1AAA844428BE9B2200645A47 /* SwiftTestingUITests.swift */; };
		1AAA844728BE9B2200645A47 /* SwiftTestingUITestsLaunchTests.swift in Sources */ = {isa = PBXBuildFile; fileRef = 1AAA844628BE9B2200645A47 /* SwiftTestingUITestsLaunchTests.swift */; };
/* End PBXBuildFile section */

/* Begin PBXContainerItemProxy section */
		1AAA843728BE9B2200645A47 /* PBXContainerItemProxy */ = {
			isa = PBXContainerItemProxy;
			containerPortal = 1AAA841828BE9B1F00645A47 /* Project object */;
			proxyType = 1;
			remoteGlobalIDString = 1AAA841F28BE9B1F00645A47;
			remoteInfo = SwiftTesting;
		};
		1AAA844128BE9B2200645A47 /* PBXContainerItemProxy */ = {
			isa = PBXContainerItemProxy;
			containerPortal = 1AAA841828BE9B1F00645A47 /* Project object */;
			proxyType = 1;
			remoteGlobalIDString = 1AAA841F28BE9B1F00645A47;
			remoteInfo = SwiftTesting;
		};
/* End PBXContainerItemProxy section */

/* Begin PBXFileReference section */
		1AAA842028BE9B2000645A47 /* SwiftTesting.app */ = {isa = PBXFileReference; explicitFileType = wrapper.application; includeInIndex = 0; path = SwiftTesting.app; sourceTree = BUILT_PRODUCTS_DIR; };
		1AAA842328BE9B2000645A47 /* AppDelegate.swift */ = {isa = PBXFileReference; lastKnownFileType = sourcecode.swift; path = AppDelegate.swift; sourceTree = "<group>"; };
		1AAA842528BE9B2000645A47 /* SceneDelegate.swift */ = {isa = PBXFileReference; lastKnownFileType = sourcecode.swift; path = SceneDelegate.swift; sourceTree = "<group>"; };
		1AAA842728BE9B2000645A47 /* ViewController.swift */ = {isa = PBXFileReference; lastKnownFileType = sourcecode.swift; path = ViewController.swift; sourceTree = "<group>"; };
		1AAA842A28BE9B2000645A47 /* Base */ = {isa = PBXFileReference; lastKnownFileType = file.storyboard; name = Base; path = Base.lproj/Main.storyboard; sourceTree = "<group>"; };
		1AAA842C28BE9B2200645A47 /* Assets.xcassets */ = {isa = PBXFileReference; lastKnownFileType = folder.assetcatalog; path = Assets.xcassets; sourceTree = "<group>"; };
		1AAA842F28BE9B2200645A47 /* Base */ = {isa = PBXFileReference; lastKnownFileType = file.storyboard; name = Base; path = Base.lproj/LaunchScreen.storyboard; sourceTree = "<group>"; };
		1AAA843128BE9B2200645A47 /* Info.plist */ = {isa = PBXFileReference; lastKnownFileType = text.plist.xml; path = Info.plist; sourceTree = "<group>"; };
		1AAA843628BE9B2200645A47 /* SwiftTestingTests.xctest */ = {isa = PBXFileReference; explicitFileType = wrapper.cfbundle; includeInIndex = 0; path = SwiftTestingTests.xctest; sourceTree = BUILT_PRODUCTS_DIR; };
		1AAA843A28BE9B2200645A47 /* SwiftTestingTests.swift */ = {isa = PBXFileReference; lastKnownFileType = sourcecode.swift; path = SwiftTestingTests.swift; sourceTree = "<group>"; };
		1AAA844028BE9B2200645A47 /* SwiftTestingUITests.xctest */ = {isa = PBXFileReference; explicitFileType = wrapper.cfbundle; includeInIndex = 0; path = SwiftTestingUITests.xctest; sourceTree = BUILT_PRODUCTS_DIR; };
		1AAA844428BE9B2200645A47 /* SwiftTestingUITests.swift */ = {isa = PBXFileReference; lastKnownFileType = sourcecode.swift; path = SwiftTestingUITests.swift; sourceTree = "<group>"; };
		1AAA844628BE9B2200645A47 /* SwiftTestingUITestsLaunchTests.swift */ = {isa = PBXFileReference; lastKnownFileType = sourcecode.swift; path = SwiftTestingUITestsLaunchTests.swift; sourceTree = "<group>"; };
/* End PBXFileReference section */

/* Begin PBXFrameworksBuildPhase section */
		1AAA841D28BE9B1F00645A47 /* Frameworks */ = {
			isa = PBXFrameworksBuildPhase;
			buildActionMask = 2147483647;
			files = (
			);
			runOnlyForDeploymentPostprocessing = 0;
		};
		1AAA843328BE9B2200645A47 /* Frameworks */ = {
			isa = PBXFrameworksBuildPhase;
			buildActionMask = 2147483647;
			files = (
			);
			runOnlyForDeploymentPostprocessing = 0;
		};
		1AAA843D28BE9B2200645A47 /* Frameworks */ = {
			isa = PBXFrameworksBuildPhase;
			buildActionMask = 2147483647;
			files = (
			);
			runOnlyForDeploymentPostprocessing = 0;
		};
/* End PBXFrameworksBuildPhase section */

/* Begin PBXGroup section */
		1AAA841728BE9B1F00645A47 = {
			isa = PBXGroup;
			children = (
				1AAA842228BE9B2000645A47 /* SwiftTesting */,
				1AAA843928BE9B2200645A47 /* SwiftTestingTests */,
				1AAA844328BE9B2200645A47 /* SwiftTestingUITests */,
				1AAA842128BE9B2000645A47 /* Products */,
			);
			sourceTree = "<group>";
		};
		1AAA842128BE9B2000645A47 /* Products */ = {
			isa = PBXGroup;
			children = (
				1AAA842028BE9B2000645A47 /* SwiftTesting.app */,
				1AAA843628BE9B2200645A47 /* SwiftTestingTests.xctest */,
				1AAA844028BE9B2200645A47 /* SwiftTestingUITests.xctest */,
			);
			name = Products;
			sourceTree = "<group>";
		};
		1AAA842228BE9B2000645A47 /* SwiftTesting */ = {
			isa = PBXGroup;
			children = (
				1AAA842328BE9B2000645A47 /* AppDelegate.swift */,
				1AAA842528BE9B2000645A47 /* SceneDelegate.swift */,
				1AAA842728BE9B2000645A47 /* ViewController.swift */,
				1AAA842928BE9B2000645A47 /* Main.storyboard */,
				1AAA842C28BE9B2200645A47 /* Assets.xcassets */,
				1AAA842E28BE9B2200645A47 /* LaunchScreen.storyboard */,
				1AAA843128BE9B2200645A47 /* Info.plist */,
			);
			path = SwiftTesting;
			sourceTree = "<group>";
		};
		1AAA843928BE9B2200645A47 /* SwiftTestingTests */ = {
			isa = PBXGroup;
			children = (
				1AAA843A28BE9B2200645A47 /* SwiftTestingTests.swift */,
			);
			path = SwiftTestingTests;
			sourceTree = "<group>";
		};
		1AAA844328BE9B2200645A47 /* SwiftTestingUITests */ = {
			isa = PBXGroup;
			children = (
				1AAA844428BE9B2200645A47 /* SwiftTestingUITests.swift */,
				1AAA844628BE9B2200645A47 /* SwiftTestingUITestsLaunchTests.swift */,
			);
			path = SwiftTestingUITests;
			sourceTree = "<group>";
		};
/* End PBXGroup section */

/* Begin PBXNativeTarget section */
		1AAA841F28BE9B1F00645A47 /* SwiftTesting */ = {
			isa = PBXNativeTarget;
			buildConfigurationList = 1AAA844A28BE9B2200645A47 /* Build configuration list for PBXNativeTarget "SwiftTesting" */;
			buildPhases = (
				1AAA841C28BE9B1F00645A47 /* Sources */,
				1AAA841D28BE9B1F00645A47 /* Frameworks */,
				1AAA841E28BE9B1F00645A47 /* Resources */,
			);
			buildRules = (
			);
			dependencies = (
			);
			name = SwiftTesting;
			productName = SwiftTesting;
			productReference = 1AAA842028BE9B2000645A47 /* SwiftTesting.app */;
			productType = "com.apple.product-type.application";
		};
		1AAA843528BE9B2200645A47 /* SwiftTestingTests */ = {
			isa = PBXNativeTarget;
			buildConfigurationList = 1AAA844D28BE9B2200645A47 /* Build configuration list for PBXNativeTarget "SwiftTestingTests" */;
			buildPhases = (
				1AAA843228BE9B2200645A47 /* Sources */,
				1AAA843328BE9B2200645A47 /* Frameworks */,
				1AAA843428BE9B2200645A47 /* Resources */,
			);
			buildRules = (
			);
			dependencies = (
				1AAA843828BE9B2200645A47 /* PBXTargetDependency */,
			);
			name = SwiftTestingTests;
			productName = SwiftTestingTests;
			productReference = 1AAA843628BE9B2200645A47 /* SwiftTestingTests.xctest */;
			productType = "com.apple.product-type.bundle.unit-test";
		};
		1AAA843F28BE9B2200645A47 /* SwiftTestingUITests */ = {
			isa = PBXNativeTarget;
			buildConfigurationList = 1AAA845028BE9B2200645A47 /* Build configuration list for PBXNativeTarget "SwiftTestingUITests" */;
			buildPhases = (
				1AAA843C28BE9B2200645A47 /* Sources */,
				1AAA843D28BE9B2200645A47 /* Frameworks */,
				1AAA843E28BE9B2200645A47 /* Resources */,
			);
			buildRules = (
			);
			dependencies = (
				1AAA844228BE9B2200645A47 /* PBXTargetDependency */,
			);
			name = SwiftTestingUITests;
			productName = SwiftTestingUITests;
			productReference = 1AAA844028BE9B2200645A47 /* SwiftTestingUITests.xctest */;
			productType = "com.apple.product-type.bundle.ui-testing";
		};
/* End PBXNativeTarget section */

/* Begin PBXProject section */
		1AAA841828BE9B1F00645A47 /* Project object */ = {
			isa = PBXProject;
			attributes = {
				BuildIndependentTargetsInParallel = 1;
				LastSwiftUpdateCheck = 1340;
				LastUpgradeCheck = 1340;
				TargetAttributes = {
					1AAA841F28BE9B1F00645A47 = {
						CreatedOnToolsVersion = 13.4.1;
					};
					1AAA843528BE9B2200645A47 = {
						CreatedOnToolsVersion = 13.4.1;
						TestTargetID = 1AAA841F28BE9B1F00645A47;
					};
					1AAA843F28BE9B2200645A47 = {
						CreatedOnToolsVersion = 13.4.1;
						TestTargetID = 1AAA841F28BE9B1F00645A47;
					};
				};
			};
			buildConfigurationList = 1AAA841B28BE9B1F00645A47 /* Build configuration list for PBXProject "SwiftTesting" */;
			compatibilityVersion = "Xcode 13.0";
			developmentRegion = en;
			hasScannedForEncodings = 0;
			knownRegions = (
				en,
				Base,
			);
			mainGroup = 1AAA841728BE9B1F00645A47;
			productRefGroup = 1AAA842128BE9B2000645A47 /* Products */;
			projectDirPath = "";
			projectRoot = "";
			targets = (
				1AAA841F28BE9B1F00645A47 /* SwiftTesting */,
				1AAA843528BE9B2200645A47 /* SwiftTestingTests */,
				1AAA843F28BE9B2200645A47 /* SwiftTestingUITests */,
			);
		};
/* End PBXProject section */

/* Begin PBXResourcesBuildPhase section */
		1AAA841E28BE9B1F00645A47 /* Resources */ = {
			isa = PBXResourcesBuildPhase;
			buildActionMask = 2147483647;
			files = (
				1AAA843028BE9B2200645A47 /* LaunchScreen.storyboard in Resources */,
				1AAA842D28BE9B2200645A47 /* Assets.xcassets in Resources */,
				1AAA842B28BE9B2000645A47 /* Main.storyboard in Resources */,
			);
			runOnlyForDeploymentPostprocessing = 0;
		};
		1AAA843428BE9B2200645A47 /* Resources */ = {
			isa = PBXResourcesBuildPhase;
			buildActionMask = 2147483647;
			files = (
			);
			runOnlyForDeploymentPostprocessing = 0;
		};
		1AAA843E28BE9B2200645A47 /* Resources */ = {
			isa = PBXResourcesBuildPhase;
			buildActionMask = 2147483647;
			files = (
			);
			runOnlyForDeploymentPostprocessing = 0;
		};
/* End PBXResourcesBuildPhase section */

/* Begin PBXSourcesBuildPhase section */
		1AAA841C28BE9B1F00645A47 /* Sources */ = {
			isa = PBXSourcesBuildPhase;
			buildActionMask = 2147483647;
			files = (
				1AAA842828BE9B2000645A47 /* ViewController.swift in Sources */,
				1AAA842428BE9B2000645A47 /* AppDelegate.swift in Sources */,
				1AAA842628BE9B2000645A47 /* SceneDelegate.swift in Sources */,
			);
			runOnlyForDeploymentPostprocessing = 0;
		};
		1AAA843228BE9B2200645A47 /* Sources */ = {
			isa = PBXSourcesBuildPhase;
			buildActionMask = 2147483647;
			files = (
				1AAA843B28BE9B2200645A47 /* SwiftTestingTests.swift in Sources */,
			);
			runOnlyForDeploymentPostprocessing = 0;
		};
		1AAA843C28BE9B2200645A47 /* Sources */ = {
			isa = PBXSourcesBuildPhase;
			buildActionMask = 2147483647;
			files = (
				1AAA844528BE9B2200645A47 /* SwiftTestingUITests.swift in Sources */,
				1AAA844728BE9B2200645A47 /* SwiftTestingUITestsLaunchTests.swift in Sources */,
			);
			runOnlyForDeploymentPostprocessing = 0;
		};
/* End PBXSourcesBuildPhase section */

/* Begin PBXTargetDependency section */
		1AAA843828BE9B2200645A47 /* PBXTargetDependency */ = {
			isa = PBXTargetDependency;
			target = 1AAA841F28BE9B1F00645A47 /* SwiftTesting */;
			targetProxy = 1AAA843728BE9B2200645A47 /* PBXContainerItemProxy */;
		};
		1AAA844228BE9B2200645A47 /* PBXTargetDependency */ = {
			isa = PBXTargetDependency;
			target = 1AAA841F28BE9B1F00645A47 /* SwiftTesting */;
			targetProxy = 1AAA844128BE9B2200645A47 /* PBXContainerItemProxy */;
		};
/* End PBXTargetDependency section */

/* Begin PBXVariantGroup section */
		1AAA842928BE9B2000645A47 /* Main.storyboard */ = {
			isa = PBXVariantGroup;
			children = (
				1AAA842A28BE9B2000645A47 /* Base */,
			);
			name = Main.storyboard;
			sourceTree = "<group>";
		};
		1AAA842E28BE9B2200645A47 /* LaunchScreen.storyboard */ = {
			isa = PBXVariantGroup;
			children = (
				1AAA842F28BE9B2200645A47 /* Base */,
			);
			name = LaunchScreen.storyboard;
			sourceTree = "<group>";
		};
/* End PBXVariantGroup section */

/* Begin XCBuildConfiguration section */
		1AAA844828BE9B2200645A47 /* Debug */ = {
			isa = XCBuildConfiguration;
			buildSettings = {
				ALWAYS_SEARCH_USER_PATHS = NO;
				CLANG_ANALYZER_NONNULL = YES;
				CLANG_ANALYZER_NUMBER_OBJECT_CONVERSION = YES_AGGRESSIVE;
				CLANG_CXX_LANGUAGE_STANDARD = "gnu++17";
				CLANG_ENABLE_MODULES = YES;
				CLANG_ENABLE_OBJC_ARC = YES;
				CLANG_ENABLE_OBJC_WEAK = YES;
				CLANG_WARN_BLOCK_CAPTURE_AUTORELEASING = YES;
				CLANG_WARN_BOOL_CONVERSION = YES;
				CLANG_WARN_COMMA = YES;
				CLANG_WARN_CONSTANT_CONVERSION = YES;
				CLANG_WARN_DEPRECATED_OBJC_IMPLEMENTATIONS = YES;
				CLANG_WARN_DIRECT_OBJC_ISA_USAGE = YES_ERROR;
				CLANG_WARN_DOCUMENTATION_COMMENTS = YES;
				CLANG_WARN_EMPTY_BODY = YES;
				CLANG_WARN_ENUM_CONVERSION = YES;
				CLANG_WARN_INFINITE_RECURSION = YES;
				CLANG_WARN_INT_CONVERSION = YES;
				CLANG_WARN_NON_LITERAL_NULL_CONVERSION = YES;
				CLANG_WARN_OBJC_IMPLICIT_RETAIN_SELF = YES;
				CLANG_WARN_OBJC_LITERAL_CONVERSION = YES;
				CLANG_WARN_OBJC_ROOT_CLASS = YES_ERROR;
				CLANG_WARN_QUOTED_INCLUDE_IN_FRAMEWORK_HEADER = YES;
				CLANG_WARN_RANGE_LOOP_ANALYSIS = YES;
				CLANG_WARN_STRICT_PROTOTYPES = YES;
				CLANG_WARN_SUSPICIOUS_MOVE = YES;
				CLANG_WARN_UNGUARDED_AVAILABILITY = YES_AGGRESSIVE;
				CLANG_WARN_UNREACHABLE_CODE = YES;
				CLANG_WARN__DUPLICATE_METHOD_MATCH = YES;
				COPY_PHASE_STRIP = NO;
				DEBUG_INFORMATION_FORMAT = dwarf;
				ENABLE_STRICT_OBJC_MSGSEND = YES;
				ENABLE_TESTABILITY = YES;
				GCC_C_LANGUAGE_STANDARD = gnu11;
				GCC_DYNAMIC_NO_PIC = NO;
				GCC_NO_COMMON_BLOCKS = YES;
				GCC_OPTIMIZATION_LEVEL = 0;
				GCC_PREPROCESSOR_DEFINITIONS = (
					"DEBUG=1",
					"$(inherited)",
				);
				GCC_WARN_64_TO_32_BIT_CONVERSION = YES;
				GCC_WARN_ABOUT_RETURN_TYPE = YES_ERROR;
				GCC_WARN_UNDECLARED_SELECTOR = YES;
				GCC_WARN_UNINITIALIZED_AUTOS = YES_AGGRESSIVE;
				GCC_WARN_UNUSED_FUNCTION = YES;
				GCC_WARN_UNUSED_VARIABLE = YES;
				IPHONEOS_DEPLOYMENT_TARGET = 15.5;
				MTL_ENABLE_DEBUG_INFO = INCLUDE_SOURCE;
				MTL_FAST_MATH = YES;
				ONLY_ACTIVE_ARCH = YES;
				SDKROOT = iphoneos;
				SWIFT_ACTIVE_COMPILATION_CONDITIONS = DEBUG;
				SWIFT_OPTIMIZATION_LEVEL = "-Onone";
			};
			name = Debug;
		};
		1AAA844928BE9B2200645A47 /* Release */ = {
			isa = XCBuildConfiguration;
			buildSettings = {
				ALWAYS_SEARCH_USER_PATHS = NO;
				CLANG_ANALYZER_NONNULL = YES;
				CLANG_ANALYZER_NUMBER_OBJECT_CONVERSION = YES_AGGRESSIVE;
				CLANG_CXX_LANGUAGE_STANDARD = "gnu++17";
				CLANG_ENABLE_MODULES = YES;
				CLANG_ENABLE_OBJC_ARC = YES;
				CLANG_ENABLE_OBJC_WEAK = YES;
				CLANG_WARN_BLOCK_CAPTURE_AUTORELEASING = YES;
				CLANG_WARN_BOOL_CONVERSION = YES;
				CLANG_WARN_COMMA = YES;
				CLANG_WARN_CONSTANT_CONVERSION = YES;
				CLANG_WARN_DEPRECATED_OBJC_IMPLEMENTATIONS = YES;
				CLANG_WARN_DIRECT_OBJC_ISA_USAGE = YES_ERROR;
				CLANG_WARN_DOCUMENTATION_COMMENTS = YES;
				CLANG_WARN_EMPTY_BODY = YES;
				CLANG_WARN_ENUM_CONVERSION = YES;
				CLANG_WARN_INFINITE_RECURSION = YES;
				CLANG_WARN_INT_CONVERSION = YES;
				CLANG_WARN_NON_LITERAL_NULL_CONVERSION = YES;
				CLANG_WARN_OBJC_IMPLICIT_RETAIN_SELF = YES;
				CLANG_WARN_OBJC_LITERAL_CONVERSION = YES;
				CLANG_WARN_OBJC_ROOT_CLASS = YES_ERROR;
				CLANG_WARN_QUOTED_INCLUDE_IN_FRAMEWORK_HEADER = YES;
				CLANG_WARN_RANGE_LOOP_ANALYSIS = YES;
				CLANG_WARN_STRICT_PROTOTYPES = YES;
				CLANG_WARN_SUSPICIOUS_MOVE = YES;
				CLANG_WARN_UNGUARDED_AVAILABILITY = YES_AGGRESSIVE;
				CLANG_WARN_UNREACHABLE_CODE = YES;
				CLANG_WARN__DUPLICATE_METHOD_MATCH = YES;
				COPY_PHASE_STRIP = NO;
				DEBUG_INFORMATION_FORMAT = "dwarf-with-dsym";
				ENABLE_NS_ASSERTIONS = NO;
				ENABLE_STRICT_OBJC_MSGSEND = YES;
				GCC_C_LANGUAGE_STANDARD = gnu11;
				GCC_NO_COMMON_BLOCKS = YES;
				GCC_WARN_64_TO_32_BIT_CONVERSION = YES;
				GCC_WARN_ABOUT_RETURN_TYPE = YES_ERROR;
				GCC_WARN_UNDECLARED_SELECTOR = YES;
				GCC_WARN_UNINITIALIZED_AUTOS = YES_AGGRESSIVE;
				GCC_WARN_UNUSED_FUNCTION = YES;
				GCC_WARN_UNUSED_VARIABLE = YES;
				IPHONEOS_DEPLOYMENT_TARGET = 15.5;
				MTL_ENABLE_DEBUG_INFO = NO;
				MTL_FAST_MATH = YES;
				SDKROOT = iphoneos;
				SWIFT_COMPILATION_MODE = wholemodule;
				SWIFT_OPTIMIZATION_LEVEL = "-O";
				VALIDATE_PRODUCT = YES;
			};
			name = Release;
		};
		1AAA844B28BE9B2200645A47 /* Debug */ = {
			isa = XCBuildConfiguration;
			buildSettings = {
				ASSETCATALOG_COMPILER_APPICON_NAME = AppIcon;
				ASSETCATALOG_COMPILER_GLOBAL_ACCENT_COLOR_NAME = AccentColor;
				CODE_SIGN_STYLE = Automatic;
				CURRENT_PROJECT_VERSION = 1;
				DEVELOPMENT_TEAM = L49ZU532QC;
				GENERATE_INFOPLIST_FILE = YES;
				INFOPLIST_FILE = SwiftTesting/Info.plist;
				INFOPLIST_KEY_UIApplicationSupportsIndirectInputEvents = YES;
				INFOPLIST_KEY_UILaunchStoryboardName = LaunchScreen;
				INFOPLIST_KEY_UIMainStoryboardFile = Main;
				INFOPLIST_KEY_UISupportedInterfaceOrientations_iPad = "UIInterfaceOrientationPortrait UIInterfaceOrientationPortraitUpsideDown UIInterfaceOrientationLandscapeLeft UIInterfaceOrientationLandscapeRight";
				INFOPLIST_KEY_UISupportedInterfaceOrientations_iPhone = "UIInterfaceOrientationPortrait UIInterfaceOrientationLandscapeLeft UIInterfaceOrientationLandscapeRight";
				LD_RUNPATH_SEARCH_PATHS = (
					"$(inherited)",
					"@executable_path/Frameworks",
				);
				MARKETING_VERSION = 1.0;
				PRODUCT_BUNDLE_IDENTIFIER = com.wasabi.SwiftTesting;
				PRODUCT_NAME = "$(TARGET_NAME)";
				SWIFT_EMIT_LOC_STRINGS = YES;
				SWIFT_VERSION = 5.0;
				TARGETED_DEVICE_FAMILY = "1,2";
			};
			name = Debug;
		};
		1AAA844C28BE9B2200645A47 /* Release */ = {
			isa = XCBuildConfiguration;
			buildSettings = {
				ASSETCATALOG_COMPILER_APPICON_NAME = AppIcon;
				ASSETCATALOG_COMPILER_GLOBAL_ACCENT_COLOR_NAME = AccentColor;
				CODE_SIGN_STYLE = Automatic;
				CURRENT_PROJECT_VERSION = 1;
				DEVELOPMENT_TEAM = L49ZU532QC;
				GENERATE_INFOPLIST_FILE = YES;
				INFOPLIST_FILE = SwiftTesting/Info.plist;
				INFOPLIST_KEY_UIApplicationSupportsIndirectInputEvents = YES;
				INFOPLIST_KEY_UILaunchStoryboardName = LaunchScreen;
				INFOPLIST_KEY_UIMainStoryboardFile = Main;
				INFOPLIST_KEY_UISupportedInterfaceOrientations_iPad = "UIInterfaceOrientationPortrait UIInterfaceOrientationPortraitUpsideDown UIInterfaceOrientationLandscapeLeft UIInterfaceOrientationLandscapeRight";
				INFOPLIST_KEY_UISupportedInterfaceOrientations_iPhone = "UIInterfaceOrientationPortrait UIInterfaceOrientationLandscapeLeft UIInterfaceOrientationLandscapeRight";
				LD_RUNPATH_SEARCH_PATHS = (
					"$(inherited)",
					"@executable_path/Frameworks",
				);
				MARKETING_VERSION = 1.0;
				PRODUCT_BUNDLE_IDENTIFIER = com.wasabi.SwiftTesting;
				PRODUCT_NAME = "$(TARGET_NAME)";
				SWIFT_EMIT_LOC_STRINGS = YES;
				SWIFT_VERSION = 5.0;
				TARGETED_DEVICE_FAMILY = "1,2";
			};
			name = Release;
		};
		1AAA844E28BE9B2200645A47 /* Debug */ = {
			isa = XCBuildConfiguration;
			buildSettings = {
				ALWAYS_EMBED_SWIFT_STANDARD_LIBRARIES = YES;
				BUNDLE_LOADER = "$(TEST_HOST)";
				CODE_SIGN_STYLE = Automatic;
				CURRENT_PROJECT_VERSION = 1;
				DEVELOPMENT_TEAM = L49ZU532QC;
				GENERATE_INFOPLIST_FILE = YES;
				IPHONEOS_DEPLOYMENT_TARGET = 15.5;
				MARKETING_VERSION = 1.0;
				PRODUCT_BUNDLE_IDENTIFIER = com.wasabi.SwiftTestingTests;
				PRODUCT_NAME = "$(TARGET_NAME)";
				SWIFT_EMIT_LOC_STRINGS = NO;
				SWIFT_VERSION = 5.0;
				TARGETED_DEVICE_FAMILY = "1,2";
				TEST_HOST = "$(BUILT_PRODUCTS_DIR)/SwiftTesting.app/SwiftTesting";
			};
			name = Debug;
		};
		1AAA844F28BE9B2200645A47 /* Release */ = {
			isa = XCBuildConfiguration;
			buildSettings = {
				ALWAYS_EMBED_SWIFT_STANDARD_LIBRARIES = YES;
				BUNDLE_LOADER = "$(TEST_HOST)";
				CODE_SIGN_STYLE = Automatic;
				CURRENT_PROJECT_VERSION = 1;
				DEVELOPMENT_TEAM = L49ZU532QC;
				GENERATE_INFOPLIST_FILE = YES;
				IPHONEOS_DEPLOYMENT_TARGET = 15.5;
				MARKETING_VERSION = 1.0;
				PRODUCT_BUNDLE_IDENTIFIER = com.wasabi.SwiftTestingTests;
				PRODUCT_NAME = "$(TARGET_NAME)";
				SWIFT_EMIT_LOC_STRINGS = NO;
				SWIFT_VERSION = 5.0;
				TARGETED_DEVICE_FAMILY = "1,2";
				TEST_HOST = "$(BUILT_PRODUCTS_DIR)/SwiftTesting.app/SwiftTesting";
			};
			name = Release;
		};
		1AAA845128BE9B2200645A47 /* Debug */ = {
			isa = XCBuildConfiguration;
			buildSettings = {
				ALWAYS_EMBED_SWIFT_STANDARD_LIBRARIES = YES;
				CODE_SIGN_STYLE = Automatic;
				CURRENT_PROJECT_VERSION = 1;
				DEVELOPMENT_TEAM = L49ZU532QC;
				GENERATE_INFOPLIST_FILE = YES;
				MARKETING_VERSION = 1.0;
				PRODUCT_BUNDLE_IDENTIFIER = com.wasabi.SwiftTestingUITests;
				PRODUCT_NAME = "$(TARGET_NAME)";
				SWIFT_EMIT_LOC_STRINGS = NO;
				SWIFT_VERSION = 5.0;
				TARGETED_DEVICE_FAMILY = "1,2";
				TEST_TARGET_NAME = SwiftTesting;
			};
			name = Debug;
		};
		1AAA845228BE9B2200645A47 /* Release */ = {
			isa = XCBuildConfiguration;
			buildSettings = {
				ALWAYS_EMBED_SWIFT_STANDARD_LIBRARIES = YES;
				CODE_SIGN_STYLE = Automatic;
				CURRENT_PROJECT_VERSION = 1;
				DEVELOPMENT_TEAM = L49ZU532QC;
				GENERATE_INFOPLIST_FILE = YES;
				MARKETING_VERSION = 1.0;
				PRODUCT_BUNDLE_IDENTIFIER = com.wasabi.SwiftTestingUITests;
				PRODUCT_NAME = "$(TARGET_NAME)";
				SWIFT_EMIT_LOC_STRINGS = NO;
				SWIFT_VERSION = 5.0;
				TARGETED_DEVICE_FAMILY = "1,2";
				TEST_TARGET_NAME = SwiftTesting;
			};
			name = Release;
		};
/* End XCBuildConfiguration section */

/* Begin XCConfigurationList section */
		1AAA841B28BE9B1F00645A47 /* Build configuration list for PBXProject "SwiftTesting" */ = {
			isa = XCConfigurationList;
			buildConfigurations = (
				1AAA844828BE9B2200645A47 /* Debug */,
				1AAA844928BE9B2200645A47 /* Release */,
			);
			defaultConfigurationIsVisible = 0;
			defaultConfigurationName = Release;
		};
		1AAA844A28BE9B2200645A47 /* Build configuration list for PBXNativeTarget "SwiftTesting" */ = {
			isa = XCConfigurationList;
			buildConfigurations = (
				1AAA844B28BE9B2200645A47 /* Debug */,
				1AAA844C28BE9B2200645A47 /* Release */,
			);
			defaultConfigurationIsVisible = 0;
			defaultConfigurationName = Release;
		};
		1AAA844D28BE9B2200645A47 /* Build configuration list for PBXNativeTarget "SwiftTestingTests" */ = {
			isa = XCConfigurationList;
			buildConfigurations = (
				1AAA844E28BE9B2200645A47 /* Debug */,
				1AAA844F28BE9B2200645A47 /* Release */,
			);
			defaultConfigurationIsVisible = 0;
			defaultConfigurationName = Release;
		};
		1AAA845028BE9B2200645A47 /* Build configuration list for PBXNativeTarget "SwiftTestingUITests" */ = {
			isa = XCConfigurationList;
			buildConfigurations = (
				1AAA845128BE9B2200645A47 /* Debug */,
				1AAA845228BE9B2200645A47 /* Release */,
			);
			defaultConfigurationIsVisible = 0;
			defaultConfigurationName = Release;
		};
/* End XCConfigurationList section */
	};
	rootObject = 1AAA841828BE9B1F00645A47 /* Project object */;
}
